
Microsoft Visual Studio Solution File, Format Version 12.00
# Visual Studio Version 17
VisualStudioVersion = 17.4.33403.182
MinimumVisualStudioVersion = 10.0.40219.1
Project("{2150E333-8FDC-42A3-9474-1A3956D46DE8}") = "Solution Items", "Solution Items", "{A9C4AA07-83AC-4A64-A4A6-FC9BA854A75B}"
	ProjectSection(SolutionItems) = preProject
		NuGet.Config = NuGet.Config
		Stationeers.VS.props = Stationeers.VS.props
		Stationeers.VS.References.props = Stationeers.VS.References.props
	EndProjectSection
EndProject
Project("{9A19103F-16F7-4668-BE54-9A1E7A4F7556}") = "InventoryTweaks", "src\InventoryTweaks\InventoryTweaks.csproj", "{39EFC07E-65C3-4EDC-82FF-56903CDFF558}"
EndProject
Global
	GlobalSection(SolutionConfigurationPlatforms) = preSolution
		Debug|Any CPU = Debug|Any CPU
		Release|Any CPU = Release|Any CPU
	EndGlobalSection
	GlobalSection(ProjectConfigurationPlatforms) = postSolution
		{39EFC07E-65C3-4EDC-82FF-56903CDFF558}.Debug|Any CPU.ActiveCfg = Debug|Any CPU
		{39EFC07E-65C3-4EDC-82FF-56903CDFF558}.Debug|Any CPU.Build.0 = Debug|Any CPU
		{39EFC07E-65C3-4EDC-82FF-56903CDFF558}.Release|Any CPU.ActiveCfg = Release|Any CPU
		{39EFC07E-65C3-4EDC-82FF-56903CDFF558}.Release|Any CPU.Build.0 = Release|Any CPU
	EndGlobalSection
	GlobalSection(SolutionProperties) = preSolution
		HideSolutionNode = FALSE
	EndGlobalSection
	GlobalSection(ExtensibilityGlobals) = postSolution
		SolutionGuid = {20373C5E-1563-4F41-829B-337B7DE9A3C1}
	EndGlobalSection
EndGlobal
